
Microsoft Visual Studio Solution File, Format Version 12.00
# Visual Studio Version 17
VisualStudioVersion = 17.5.33627.172
MinimumVisualStudioVersion = 10.0.40219.1
Project("{FAE04EC0-301F-11D3-BF4B-00C04F79EFBC}") = "Assignment.Web", "Assignment.Web\Assignment.Web.csproj", "{D63893F5-B5EF-4DA9-8C15-0A3272BA90E3}"
EndProject
Project("{FAE04EC0-301F-11D3-BF4B-00C04F79EFBC}") = "Assignment.Infrastructure", "Assignment.Infrastructure\Assignment.Infrastructure.csproj", "{DCBCEBDD-2755-4413-96E6-4E1068DFEC60}"
EndProject
Global
	GlobalSection(SolutionConfigurationPlatforms) = preSolution
		Debug|Any CPU = Debug|Any CPU
		Release|Any CPU = Release|Any CPU
	EndGlobalSection
	GlobalSection(ProjectConfigurationPlatforms) = postSolution
		{D63893F5-B5EF-4DA9-8C15-0A3272BA90E3}.Debug|Any CPU.ActiveCfg = Debug|Any CPU
		{D63893F5-B5EF-4DA9-8C15-0A3272BA90E3}.Debug|Any CPU.Build.0 = Debug|Any CPU
		{D63893F5-B5EF-4DA9-8C15-0A3272BA90E3}.Release|Any CPU.ActiveCfg = Release|Any CPU
		{D63893F5-B5EF-4DA9-8C15-0A3272BA90E3}.Release|Any CPU.Build.0 = Release|Any CPU
		{DCBCEBDD-2755-4413-96E6-4E1068DFEC60}.Debug|Any CPU.ActiveCfg = Debug|Any CPU
		{DCBCEBDD-2755-4413-96E6-4E1068DFEC60}.Debug|Any CPU.Build.0 = Debug|Any CPU
		{DCBCEBDD-2755-4413-96E6-4E1068DFEC60}.Release|Any CPU.ActiveCfg = Release|Any CPU
		{DCBCEBDD-2755-4413-96E6-4E1068DFEC60}.Release|Any CPU.Build.0 = Release|Any CPU
	EndGlobalSection
	GlobalSection(SolutionProperties) = preSolution
		HideSolutionNode = FALSE
	EndGlobalSection
	GlobalSection(ExtensibilityGlobals) = postSolution
		SolutionGuid = {BF575ACF-1B00-439F-9464-838CDB6C0110}
	EndGlobalSection
EndGlobal
